
Microsoft Visual Studio Solution File, Format Version 12.00
# Visual Studio 15
VisualStudioVersion = 15.0.27703.2035
MinimumVisualStudioVersion = 10.0.40219.1
Project("{9A19103F-16F7-4668-BE54-9A1E7A4F7556}") = "NServiceBusSaga01", "NServiceBusSaga01\NServiceBusSaga01.csproj", "{E2565375-78D0-4673-816D-FCB52A41257D}"
EndProject
Project("{9A19103F-16F7-4668-BE54-9A1E7A4F7556}") = "DbBootstrap", "DbBootstrap\DbBootstrap.csproj", "{95A45D12-C0F9-4EBC-BB6D-866D897FA19A}"
EndProject
Project("{9A19103F-16F7-4668-BE54-9A1E7A4F7556}") = "LoanClient", "LoanClient\LoanClient.csproj", "{78C3FDC1-4671-4C86-9C8C-443D7FB3900F}"
EndProject
Project("{9A19103F-16F7-4668-BE54-9A1E7A4F7556}") = "Shared", "Shared\Shared.csproj", "{B2689955-E4B7-4F33-8EB5-6083DE846DE4}"
EndProject
Project("{FAE04EC0-301F-11D3-BF4B-00C04F79EFBC}") = "DocumentClient", "DocumentClient\DocumentClient.csproj", "{97EBF39F-A2F4-4D20-88C1-25D045C6012D}"
EndProject
Global
	GlobalSection(SolutionConfigurationPlatforms) = preSolution
		Debug|Any CPU = Debug|Any CPU
		Release|Any CPU = Release|Any CPU
	EndGlobalSection
	GlobalSection(ProjectConfigurationPlatforms) = postSolution
		{E2565375-78D0-4673-816D-FCB52A41257D}.Debug|Any CPU.ActiveCfg = Debug|Any CPU
		{E2565375-78D0-4673-816D-FCB52A41257D}.Debug|Any CPU.Build.0 = Debug|Any CPU
		{E2565375-78D0-4673-816D-FCB52A41257D}.Release|Any CPU.ActiveCfg = Release|Any CPU
		{E2565375-78D0-4673-816D-FCB52A41257D}.Release|Any CPU.Build.0 = Release|Any CPU
		{95A45D12-C0F9-4EBC-BB6D-866D897FA19A}.Debug|Any CPU.ActiveCfg = Debug|Any CPU
		{95A45D12-C0F9-4EBC-BB6D-866D897FA19A}.Debug|Any CPU.Build.0 = Debug|Any CPU
		{95A45D12-C0F9-4EBC-BB6D-866D897FA19A}.Release|Any CPU.ActiveCfg = Release|Any CPU
		{95A45D12-C0F9-4EBC-BB6D-866D897FA19A}.Release|Any CPU.Build.0 = Release|Any CPU
		{78C3FDC1-4671-4C86-9C8C-443D7FB3900F}.Debug|Any CPU.ActiveCfg = Debug|Any CPU
		{78C3FDC1-4671-4C86-9C8C-443D7FB3900F}.Debug|Any CPU.Build.0 = Debug|Any CPU
		{78C3FDC1-4671-4C86-9C8C-443D7FB3900F}.Release|Any CPU.ActiveCfg = Release|Any CPU
		{78C3FDC1-4671-4C86-9C8C-443D7FB3900F}.Release|Any CPU.Build.0 = Release|Any CPU
		{B2689955-E4B7-4F33-8EB5-6083DE846DE4}.Debug|Any CPU.ActiveCfg = Debug|Any CPU
		{B2689955-E4B7-4F33-8EB5-6083DE846DE4}.Debug|Any CPU.Build.0 = Debug|Any CPU
		{B2689955-E4B7-4F33-8EB5-6083DE846DE4}.Release|Any CPU.ActiveCfg = Release|Any CPU
		{B2689955-E4B7-4F33-8EB5-6083DE846DE4}.Release|Any CPU.Build.0 = Release|Any CPU
		{97EBF39F-A2F4-4D20-88C1-25D045C6012D}.Debug|Any CPU.ActiveCfg = Debug|Any CPU
		{97EBF39F-A2F4-4D20-88C1-25D045C6012D}.Debug|Any CPU.Build.0 = Debug|Any CPU
		{97EBF39F-A2F4-4D20-88C1-25D045C6012D}.Release|Any CPU.ActiveCfg = Release|Any CPU
		{97EBF39F-A2F4-4D20-88C1-25D045C6012D}.Release|Any CPU.Build.0 = Release|Any CPU
	EndGlobalSection
	GlobalSection(SolutionProperties) = preSolution
		HideSolutionNode = FALSE
	EndGlobalSection
	GlobalSection(ExtensibilityGlobals) = postSolution
		SolutionGuid = {5BE9315A-BE36-4C27-AA8D-FCB6257EB9E8}
	EndGlobalSection
EndGlobal
